
Microsoft Visual Studio Solution File, Format Version 12.00
# Visual Studio Version 17
VisualStudioVersion = 17.9.34728.123
MinimumVisualStudioVersion = 10.0.40219.1
Project("{9A19103F-16F7-4668-BE54-9A1E7A4F7556}") = "OnlineElection", "OnlineElection.csproj", "{2AC896A3-E10F-44F9-8ABE-E61EEEE202E1}"
EndProject
Project("{9A19103F-16F7-4668-BE54-9A1E7A4F7556}") = "Application", "..\Application\Application.csproj", "{F24A4321-D4EF-47D4-9469-93001FF7ED36}"
EndProject
Project("{9A19103F-16F7-4668-BE54-9A1E7A4F7556}") = "Tests", "..\Tests\Tests.csproj", "{0F17A91F-CBE9-470F-AEE9-17BD31734C80}"
EndProject
Global
	GlobalSection(SolutionConfigurationPlatforms) = preSolution
		Debug|Any CPU = Debug|Any CPU
		Release|Any CPU = Release|Any CPU
	EndGlobalSection
	GlobalSection(ProjectConfigurationPlatforms) = postSolution
		{2AC896A3-E10F-44F9-8ABE-E61EEEE202E1}.Debug|Any CPU.ActiveCfg = Debug|Any CPU
		{2AC896A3-E10F-44F9-8ABE-E61EEEE202E1}.Debug|Any CPU.Build.0 = Debug|Any CPU
		{2AC896A3-E10F-44F9-8ABE-E61EEEE202E1}.Release|Any CPU.ActiveCfg = Release|Any CPU
		{2AC896A3-E10F-44F9-8ABE-E61EEEE202E1}.Release|Any CPU.Build.0 = Release|Any CPU
		{F24A4321-D4EF-47D4-9469-93001FF7ED36}.Debug|Any CPU.ActiveCfg = Debug|Any CPU
		{F24A4321-D4EF-47D4-9469-93001FF7ED36}.Debug|Any CPU.Build.0 = Debug|Any CPU
		{F24A4321-D4EF-47D4-9469-93001FF7ED36}.Release|Any CPU.ActiveCfg = Release|Any CPU
		{F24A4321-D4EF-47D4-9469-93001FF7ED36}.Release|Any CPU.Build.0 = Release|Any CPU
		{0F17A91F-CBE9-470F-AEE9-17BD31734C80}.Debug|Any CPU.ActiveCfg = Debug|Any CPU
		{0F17A91F-CBE9-470F-AEE9-17BD31734C80}.Debug|Any CPU.Build.0 = Debug|Any CPU
		{0F17A91F-CBE9-470F-AEE9-17BD31734C80}.Release|Any CPU.ActiveCfg = Release|Any CPU
		{0F17A91F-CBE9-470F-AEE9-17BD31734C80}.Release|Any CPU.Build.0 = Release|Any CPU
	EndGlobalSection
	GlobalSection(SolutionProperties) = preSolution
		HideSolutionNode = FALSE
	EndGlobalSection
	GlobalSection(ExtensibilityGlobals) = postSolution
		SolutionGuid = {2ACBABBA-7481-45AC-BDEF-AED1CF420CC0}
	EndGlobalSection
EndGlobal
