
Microsoft Visual Studio Solution File, Format Version 12.00
# Visual Studio Version 17
VisualStudioVersion = 17.9.34728.123
MinimumVisualStudioVersion = 10.0.40219.1
Project("{FAE04EC0-301F-11D3-BF4B-00C04F79EFBC}") = "InsertInterval", "InsertInterval\InsertInterval.csproj", "{026267A5-3EB7-4F15-B16B-5E29509DCEE7}"
EndProject
Project("{FAE04EC0-301F-11D3-BF4B-00C04F79EFBC}") = "Tests", "Tests\Tests.csproj", "{05C65AF7-45EB-4828-A62B-AC4DEB40B4EA}"
EndProject
Global
	GlobalSection(SolutionConfigurationPlatforms) = preSolution
		Debug|Any CPU = Debug|Any CPU
		Release|Any CPU = Release|Any CPU
	EndGlobalSection
	GlobalSection(ProjectConfigurationPlatforms) = postSolution
		{026267A5-3EB7-4F15-B16B-5E29509DCEE7}.Debug|Any CPU.ActiveCfg = Debug|Any CPU
		{026267A5-3EB7-4F15-B16B-5E29509DCEE7}.Debug|Any CPU.Build.0 = Debug|Any CPU
		{026267A5-3EB7-4F15-B16B-5E29509DCEE7}.Release|Any CPU.ActiveCfg = Release|Any CPU
		{026267A5-3EB7-4F15-B16B-5E29509DCEE7}.Release|Any CPU.Build.0 = Release|Any CPU
		{05C65AF7-45EB-4828-A62B-AC4DEB40B4EA}.Debug|Any CPU.ActiveCfg = Debug|Any CPU
		{05C65AF7-45EB-4828-A62B-AC4DEB40B4EA}.Debug|Any CPU.Build.0 = Debug|Any CPU
		{05C65AF7-45EB-4828-A62B-AC4DEB40B4EA}.Release|Any CPU.ActiveCfg = Release|Any CPU
		{05C65AF7-45EB-4828-A62B-AC4DEB40B4EA}.Release|Any CPU.Build.0 = Release|Any CPU
	EndGlobalSection
	GlobalSection(SolutionProperties) = preSolution
		HideSolutionNode = FALSE
	EndGlobalSection
	GlobalSection(ExtensibilityGlobals) = postSolution
		SolutionGuid = {B05BC7CB-A077-422A-A20D-B978A02AEE43}
	EndGlobalSection
EndGlobal
