
Microsoft Visual Studio Solution File, Format Version 12.00
# Visual Studio Version 17
VisualStudioVersion = 17.9.34728.123
MinimumVisualStudioVersion = 10.0.40219.1
Project("{FAE04EC0-301F-11D3-BF4B-00C04F79EFBC}") = "RateLimiter", "RateLimiter.csproj", "{383329AC-4C79-475D-A1D3-8E790E8B88E3}"
EndProject
Project("{FAE04EC0-301F-11D3-BF4B-00C04F79EFBC}") = "Application", "..\Application\Application.csproj", "{3131DF1A-1429-4E3C-91A5-764D20140A03}"
EndProject
Project("{FAE04EC0-301F-11D3-BF4B-00C04F79EFBC}") = "Tests", "..\Tests\Tests.csproj", "{45AC305C-D852-4C4A-9E72-1A8D45EA6369}"
EndProject
Global
	GlobalSection(SolutionConfigurationPlatforms) = preSolution
		Debug|Any CPU = Debug|Any CPU
		Release|Any CPU = Release|Any CPU
	EndGlobalSection
	GlobalSection(ProjectConfigurationPlatforms) = postSolution
		{383329AC-4C79-475D-A1D3-8E790E8B88E3}.Debug|Any CPU.ActiveCfg = Debug|Any CPU
		{383329AC-4C79-475D-A1D3-8E790E8B88E3}.Debug|Any CPU.Build.0 = Debug|Any CPU
		{383329AC-4C79-475D-A1D3-8E790E8B88E3}.Release|Any CPU.ActiveCfg = Release|Any CPU
		{383329AC-4C79-475D-A1D3-8E790E8B88E3}.Release|Any CPU.Build.0 = Release|Any CPU
		{3131DF1A-1429-4E3C-91A5-764D20140A03}.Debug|Any CPU.ActiveCfg = Debug|Any CPU
		{3131DF1A-1429-4E3C-91A5-764D20140A03}.Debug|Any CPU.Build.0 = Debug|Any CPU
		{3131DF1A-1429-4E3C-91A5-764D20140A03}.Release|Any CPU.ActiveCfg = Release|Any CPU
		{3131DF1A-1429-4E3C-91A5-764D20140A03}.Release|Any CPU.Build.0 = Release|Any CPU
		{45AC305C-D852-4C4A-9E72-1A8D45EA6369}.Debug|Any CPU.ActiveCfg = Debug|Any CPU
		{45AC305C-D852-4C4A-9E72-1A8D45EA6369}.Debug|Any CPU.Build.0 = Debug|Any CPU
		{45AC305C-D852-4C4A-9E72-1A8D45EA6369}.Release|Any CPU.ActiveCfg = Release|Any CPU
		{45AC305C-D852-4C4A-9E72-1A8D45EA6369}.Release|Any CPU.Build.0 = Release|Any CPU
	EndGlobalSection
	GlobalSection(SolutionProperties) = preSolution
		HideSolutionNode = FALSE
	EndGlobalSection
	GlobalSection(ExtensibilityGlobals) = postSolution
		SolutionGuid = {48F8D4B2-D6A5-4C29-839E-A2176D247315}
	EndGlobalSection
EndGlobal
