
Microsoft Visual Studio Solution File, Format Version 12.00
# Visual Studio Version 17
VisualStudioVersion = 17.9.34728.123
MinimumVisualStudioVersion = 10.0.40219.1
Project("{FAE04EC0-301F-11D3-BF4B-00C04F79EFBC}") = "UniquePaths", "UniquePaths\UniquePaths.csproj", "{A273C256-22E4-48DA-92FB-8199334CBF59}"
EndProject
Project("{FAE04EC0-301F-11D3-BF4B-00C04F79EFBC}") = "Tests", "Tests\Tests.csproj", "{23F41F78-5685-4671-8BEA-F21FBFB4F3F2}"
EndProject
Global
	GlobalSection(SolutionConfigurationPlatforms) = preSolution
		Debug|Any CPU = Debug|Any CPU
		Release|Any CPU = Release|Any CPU
	EndGlobalSection
	GlobalSection(ProjectConfigurationPlatforms) = postSolution
		{A273C256-22E4-48DA-92FB-8199334CBF59}.Debug|Any CPU.ActiveCfg = Debug|Any CPU
		{A273C256-22E4-48DA-92FB-8199334CBF59}.Debug|Any CPU.Build.0 = Debug|Any CPU
		{A273C256-22E4-48DA-92FB-8199334CBF59}.Release|Any CPU.ActiveCfg = Release|Any CPU
		{A273C256-22E4-48DA-92FB-8199334CBF59}.Release|Any CPU.Build.0 = Release|Any CPU
		{23F41F78-5685-4671-8BEA-F21FBFB4F3F2}.Debug|Any CPU.ActiveCfg = Debug|Any CPU
		{23F41F78-5685-4671-8BEA-F21FBFB4F3F2}.Debug|Any CPU.Build.0 = Debug|Any CPU
		{23F41F78-5685-4671-8BEA-F21FBFB4F3F2}.Release|Any CPU.ActiveCfg = Release|Any CPU
		{23F41F78-5685-4671-8BEA-F21FBFB4F3F2}.Release|Any CPU.Build.0 = Release|Any CPU
	EndGlobalSection
	GlobalSection(SolutionProperties) = preSolution
		HideSolutionNode = FALSE
	EndGlobalSection
	GlobalSection(ExtensibilityGlobals) = postSolution
		SolutionGuid = {B98A3ECE-2974-401B-AFFA-7DF1DDF8127F}
	EndGlobalSection
EndGlobal
