
Microsoft Visual Studio Solution File, Format Version 12.00
# Visual Studio Version 17
VisualStudioVersion = 17.9.34728.123
MinimumVisualStudioVersion = 10.0.40219.1
Project("{FAE04EC0-301F-11D3-BF4B-00C04F79EFBC}") = "DesignWordSearch", "DesignWordSearch.csproj", "{AE6F75FF-CE6D-4B81-A119-E2179F1D143F}"
EndProject
Project("{FAE04EC0-301F-11D3-BF4B-00C04F79EFBC}") = "Application", "..\Application\Application.csproj", "{4008465C-984E-4741-B9BE-32940ED028DD}"
EndProject
Project("{FAE04EC0-301F-11D3-BF4B-00C04F79EFBC}") = "Tests", "..\Tests\Tests.csproj", "{8FB118BC-2CAC-4266-A410-70863E829EC5}"
EndProject
Global
	GlobalSection(SolutionConfigurationPlatforms) = preSolution
		Debug|Any CPU = Debug|Any CPU
		Release|Any CPU = Release|Any CPU
	EndGlobalSection
	GlobalSection(ProjectConfigurationPlatforms) = postSolution
		{AE6F75FF-CE6D-4B81-A119-E2179F1D143F}.Debug|Any CPU.ActiveCfg = Debug|Any CPU
		{AE6F75FF-CE6D-4B81-A119-E2179F1D143F}.Debug|Any CPU.Build.0 = Debug|Any CPU
		{AE6F75FF-CE6D-4B81-A119-E2179F1D143F}.Release|Any CPU.ActiveCfg = Release|Any CPU
		{AE6F75FF-CE6D-4B81-A119-E2179F1D143F}.Release|Any CPU.Build.0 = Release|Any CPU
		{4008465C-984E-4741-B9BE-32940ED028DD}.Debug|Any CPU.ActiveCfg = Debug|Any CPU
		{4008465C-984E-4741-B9BE-32940ED028DD}.Debug|Any CPU.Build.0 = Debug|Any CPU
		{4008465C-984E-4741-B9BE-32940ED028DD}.Release|Any CPU.ActiveCfg = Release|Any CPU
		{4008465C-984E-4741-B9BE-32940ED028DD}.Release|Any CPU.Build.0 = Release|Any CPU
		{8FB118BC-2CAC-4266-A410-70863E829EC5}.Debug|Any CPU.ActiveCfg = Debug|Any CPU
		{8FB118BC-2CAC-4266-A410-70863E829EC5}.Debug|Any CPU.Build.0 = Debug|Any CPU
		{8FB118BC-2CAC-4266-A410-70863E829EC5}.Release|Any CPU.ActiveCfg = Release|Any CPU
		{8FB118BC-2CAC-4266-A410-70863E829EC5}.Release|Any CPU.Build.0 = Release|Any CPU
	EndGlobalSection
	GlobalSection(SolutionProperties) = preSolution
		HideSolutionNode = FALSE
	EndGlobalSection
	GlobalSection(ExtensibilityGlobals) = postSolution
		SolutionGuid = {2367F3A0-F5E8-4275-B37B-315060907E16}
	EndGlobalSection
EndGlobal
