
Microsoft Visual Studio Solution File, Format Version 12.00
# Visual Studio Version 17
VisualStudioVersion = 17.9.34728.123
MinimumVisualStudioVersion = 10.0.40219.1
Project("{FAE04EC0-301F-11D3-BF4B-00C04F79EFBC}") = "Application", "..\Application\Application.csproj", "{F4D5F910-8662-4866-86A1-F51A6F048145}"
EndProject
Project("{FAE04EC0-301F-11D3-BF4B-00C04F79EFBC}") = "Tests", "..\Tests\Tests.csproj", "{95E1C369-DCD3-4B01-A87D-8CEA428F50A3}"
EndProject
Global
	GlobalSection(SolutionConfigurationPlatforms) = preSolution
		Debug|Any CPU = Debug|Any CPU
		Release|Any CPU = Release|Any CPU
	EndGlobalSection
	GlobalSection(ProjectConfigurationPlatforms) = postSolution
		{F4D5F910-8662-4866-86A1-F51A6F048145}.Debug|Any CPU.ActiveCfg = Debug|Any CPU
		{F4D5F910-8662-4866-86A1-F51A6F048145}.Debug|Any CPU.Build.0 = Debug|Any CPU
		{F4D5F910-8662-4866-86A1-F51A6F048145}.Release|Any CPU.ActiveCfg = Release|Any CPU
		{F4D5F910-8662-4866-86A1-F51A6F048145}.Release|Any CPU.Build.0 = Release|Any CPU
		{95E1C369-DCD3-4B01-A87D-8CEA428F50A3}.Debug|Any CPU.ActiveCfg = Debug|Any CPU
		{95E1C369-DCD3-4B01-A87D-8CEA428F50A3}.Debug|Any CPU.Build.0 = Debug|Any CPU
		{95E1C369-DCD3-4B01-A87D-8CEA428F50A3}.Release|Any CPU.ActiveCfg = Release|Any CPU
		{95E1C369-DCD3-4B01-A87D-8CEA428F50A3}.Release|Any CPU.Build.0 = Release|Any CPU
	EndGlobalSection
	GlobalSection(SolutionProperties) = preSolution
		HideSolutionNode = FALSE
	EndGlobalSection
	GlobalSection(ExtensibilityGlobals) = postSolution
		SolutionGuid = {4C691BED-F4CE-4470-AB50-A206C79FA8E1}
	EndGlobalSection
EndGlobal
